
Microsoft Visual Studio Solution File, Format Version 12.00
# Visual Studio 15
VisualStudioVersion = 15.0.27703.2042
MinimumVisualStudioVersion = 10.0.40219.1
Project("{FAE04EC0-301F-11D3-BF4B-00C04F79EFBC}") = "Bot Builder Echo Bot V4", "UpWaterFallBot\Bot Builder Echo Bot V4\Bot Builder Echo Bot V4.csproj", "{2C095566-27DF-4E82-9280-5DBA27D32F3A}"
EndProject
Project("{FAE04EC0-301F-11D3-BF4B-00C04F79EFBC}") = "Bot Builder Basic Bot V4", "UpWaterFallBot\Bot Builder Basic Bot V4\Bot Builder Basic Bot V4.csproj", "{0DA4AE06-22BD-4EBA-A471-E2148CCD253A}"
EndProject
Global
	GlobalSection(SolutionConfigurationPlatforms) = preSolution
		Debug|Any CPU = Debug|Any CPU
		Release|Any CPU = Release|Any CPU
	EndGlobalSection
	GlobalSection(ProjectConfigurationPlatforms) = postSolution
		{2C095566-27DF-4E82-9280-5DBA27D32F3A}.Debug|Any CPU.ActiveCfg = Debug|Any CPU
		{2C095566-27DF-4E82-9280-5DBA27D32F3A}.Debug|Any CPU.Build.0 = Debug|Any CPU
		{2C095566-27DF-4E82-9280-5DBA27D32F3A}.Release|Any CPU.ActiveCfg = Release|Any CPU
		{2C095566-27DF-4E82-9280-5DBA27D32F3A}.Release|Any CPU.Build.0 = Release|Any CPU
		{0DA4AE06-22BD-4EBA-A471-E2148CCD253A}.Debug|Any CPU.ActiveCfg = Debug|Any CPU
		{0DA4AE06-22BD-4EBA-A471-E2148CCD253A}.Debug|Any CPU.Build.0 = Debug|Any CPU
		{0DA4AE06-22BD-4EBA-A471-E2148CCD253A}.Release|Any CPU.ActiveCfg = Release|Any CPU
		{0DA4AE06-22BD-4EBA-A471-E2148CCD253A}.Release|Any CPU.Build.0 = Release|Any CPU
	EndGlobalSection
	GlobalSection(SolutionProperties) = preSolution
		HideSolutionNode = FALSE
	EndGlobalSection
	GlobalSection(ExtensibilityGlobals) = postSolution
		SolutionGuid = {136CBAE4-18B1-47B6-B85E-2FDE73B70C47}
	EndGlobalSection
EndGlobal
